<?xml version="1.0" encoding="utf-8"?>
<Project ToolsVersion="4.0" xmlns="http://schemas.microsoft.com/developer/msbuild/2003">
  <ItemGroup>
    <Filter Include="FURY">
      <UniqueIdentifier>{8BE6847C-771D-860D-200A-6C100C20020F}</UniqueIdentifier>
    </Filter>
    <Filter Include="FURY\Events">
      <UniqueIdentifier>{0F687AF8-7B1D-F3ED-0412-EDC470C6E9F1}</UniqueIdentifier>
    </Filter>
  </ItemGroup>
  <ItemGroup>
    <ClInclude Include="src\FURY.h" />
    <ClInclude Include="src\FURY\Application.h">
      <Filter>FURY</Filter>
    </ClInclude>
    <ClInclude Include="src\FURY\Core.h">
      <Filter>FURY</Filter>
    </ClInclude>
    <ClInclude Include="src\FURY\EntryPoint.h">
      <Filter>FURY</Filter>
    </ClInclude>
    <ClInclude Include="src\FURY\Events\ApplicationEvent.h">
      <Filter>FURY\Events</Filter>
    </ClInclude>
    <ClInclude Include="src\FURY\Events\Event.h">
      <Filter>FURY\Events</Filter>
    </ClInclude>
    <ClInclude Include="src\FURY\Events\KeyEvent.h">
      <Filter>FURY\Events</Filter>
    </ClInclude>
    <ClInclude Include="src\FURY\Events\MouseEvent.h">
      <Filter>FURY\Events</Filter>
    </ClInclude>
    <ClInclude Include="src\FURY\Log.h">
      <Filter>FURY</Filter>
    </ClInclude>
    <ClInclude Include="src\FURYpch.h" />
  </ItemGroup>
  <ItemGroup>
    <ClCompile Include="src\FURY\Application.cpp">
      <Filter>FURY</Filter>
    </ClCompile>
    <ClCompile Include="src\FURY\Log.cpp">
      <Filter>FURY</Filter>
    </ClCompile>
    <ClCompile Include="src\FURYpch.cpp" />
  </ItemGroup>
</Project>