<?xml version="1.0" encoding="utf-8"?>
<Project ToolsVersion="4.0" xmlns="http://schemas.microsoft.com/developer/msbuild/2003">
  <ItemGroup>
    <Filter Include="FURY">
      <UniqueIdentifier>{8BE6847C-771D-860D-200A-6C100C20020F}</UniqueIdentifier>
    </Filter>
  </ItemGroup>
  <ItemGroup>
    <ClInclude Include="src\FURY.h" />
    <ClInclude Include="src\FURY\Application.h">
      <Filter>FURY</Filter>
    </ClInclude>
    <ClInclude Include="src\FURY\Core.h">
      <Filter>FURY</Filter>
    </ClInclude>
    <ClInclude Include="src\FURY\EntryPoint.h">
      <Filter>FURY</Filter>
    </ClInclude>
    <ClInclude Include="src\FURY\Log.h">
      <Filter>FURY</Filter>
    </ClInclude>
  </ItemGroup>
  <ItemGroup>
    <ClCompile Include="src\FURY\Application.cpp">
      <Filter>FURY</Filter>
    </ClCompile>
    <ClCompile Include="src\FURY\Log.cpp">
      <Filter>FURY</Filter>
    </ClCompile>
  </ItemGroup>
</Project>