<?xml version="1.0" encoding="utf-8"?>
<Project ToolsVersion="4.0" xmlns="http://schemas.microsoft.com/developer/msbuild/2003">
  <ItemGroup>
    <Filter Include="FURY">
      <UniqueIdentifier>{8BE6847C-771D-860D-200A-6C100C20020F}</UniqueIdentifier>
    </Filter>
    <Filter Include="FURY\Events">
      <UniqueIdentifier>{0F687AF8-7B1D-F3ED-0412-EDC470C6E9F1}</UniqueIdentifier>
    </Filter>
    <Filter Include="FURY\ImGui">
      <UniqueIdentifier>{F5D700E1-E18F-422E-4A97-1B8A366EDD1E}</UniqueIdentifier>
    </Filter>
    <Filter Include="Platform">
      <UniqueIdentifier>{2AC788B4-1694-E3BF-3FAD-D1672BD9184E}</UniqueIdentifier>
    </Filter>
    <Filter Include="Platform\Windows">
      <UniqueIdentifier>{64FBD71A-50F4-F66C-7926-DCF1657ED678}</UniqueIdentifier>
    </Filter>
  </ItemGroup>
  <ItemGroup>
    <ClInclude Include="src\FURY.h" />
    <ClInclude Include="src\FURY\Application.h">
      <Filter>FURY</Filter>
    </ClInclude>
    <ClInclude Include="src\FURY\Core.h">
      <Filter>FURY</Filter>
    </ClInclude>
    <ClInclude Include="src\FURY\EntryPoint.h">
      <Filter>FURY</Filter>
    </ClInclude>
    <ClInclude Include="src\FURY\Events\ApplicationEvent.h">
      <Filter>FURY\Events</Filter>
    </ClInclude>
    <ClInclude Include="src\FURY\Events\Event.h">
      <Filter>FURY\Events</Filter>
    </ClInclude>
    <ClInclude Include="src\FURY\Events\KeyEvent.h">
      <Filter>FURY\Events</Filter>
    </ClInclude>
    <ClInclude Include="src\FURY\Events\MouseEvent.h">
      <Filter>FURY\Events</Filter>
    </ClInclude>
    <ClInclude Include="src\FURY\ImGui\ImGuiLayer.h">
      <Filter>FURY\ImGui</Filter>
    </ClInclude>
    <ClInclude Include="src\FURY\Input.h">
      <Filter>FURY</Filter>
    </ClInclude>
    <ClInclude Include="src\FURY\KeyCodes.h">
      <Filter>FURY</Filter>
    </ClInclude>
    <ClInclude Include="src\FURY\Layer.h">
      <Filter>FURY</Filter>
    </ClInclude>
    <ClInclude Include="src\FURY\LayerStack.h">
      <Filter>FURY</Filter>
    </ClInclude>
    <ClInclude Include="src\FURY\Log.h">
      <Filter>FURY</Filter>
    </ClInclude>
    <ClInclude Include="src\FURY\MouseButtonCodes.h">
      <Filter>FURY</Filter>
    </ClInclude>
    <ClInclude Include="src\FURY\Window.h">
      <Filter>FURY</Filter>
    </ClInclude>
    <ClInclude Include="src\FURYpch.h" />
    <ClInclude Include="src\Platform\Windows\WindowsInput.h">
      <Filter>Platform\Windows</Filter>
    </ClInclude>
    <ClInclude Include="src\Platform\Windows\WindowsWindow.h">
      <Filter>Platform\Windows</Filter>
    </ClInclude>
  </ItemGroup>
  <ItemGroup>
    <ClCompile Include="src\FURY\Application.cpp">
      <Filter>FURY</Filter>
    </ClCompile>
    <ClCompile Include="src\FURY\ImGui\ImGuiBuild.cpp">
      <Filter>FURY\ImGui</Filter>
    </ClCompile>
    <ClCompile Include="src\FURY\ImGui\ImGuiLayer.cpp">
      <Filter>FURY\ImGui</Filter>
    </ClCompile>
    <ClCompile Include="src\FURY\Layer.cpp">
      <Filter>FURY</Filter>
    </ClCompile>
    <ClCompile Include="src\FURY\LayerStack.cpp">
      <Filter>FURY</Filter>
    </ClCompile>
    <ClCompile Include="src\FURY\Log.cpp">
      <Filter>FURY</Filter>
    </ClCompile>
    <ClCompile Include="src\FURYpch.cpp" />
    <ClCompile Include="src\Platform\Windows\WindowsInput.cpp">
      <Filter>Platform\Windows</Filter>
    </ClCompile>
    <ClCompile Include="src\Platform\Windows\WindowsWindow.cpp">
      <Filter>Platform\Windows</Filter>
    </ClCompile>
  </ItemGroup>
</Project>